
Microsoft Visual Studio Solution File, Format Version 12.00
# Visual Studio Version 17
VisualStudioVersion = 17.14.36930.0
MinimumVisualStudioVersion = 10.0.40219.1
Project("{8BC9CEB8-8B4A-11D0-8D11-00A0C91BC942}") = "PZ1", "PZ1\PZ1.vcxproj", "{E0580598-30FE-47D6-B7F2-A7A049F18614}"
EndProject
Project("{8BC9CEB8-8B4A-11D0-8D11-00A0C91BC942}") = "PZ2", "PZ2\PZ2.vcxproj", "{69FA7772-84D6-4A22-AE77-EC0224067C01}"
EndProject
Project("{8BC9CEB8-8B4A-11D0-8D11-00A0C91BC942}") = "PZ3", "PZ3\PZ3.vcxproj", "{221C3C41-AAFE-441D-A7A7-8D9234DD16D8}"
EndProject
Project("{8BC9CEB8-8B4A-11D0-8D11-00A0C91BC942}") = "PZ4", "PZ4\PZ4.vcxproj", "{77DBA67E-2F8A-4830-96B1-C83787EC1072}"
EndProject
Project("{8BC9CEB8-8B4A-11D0-8D11-00A0C91BC942}") = "PZ5", "PZ5\PZ5.vcxproj", "{13796216-027D-4C50-B29A-563C4A9E96BB}"
EndProject
Project("{8BC9CEB8-8B4A-11D0-8D11-00A0C91BC942}") = "DynamicLoadTest", "PZ6\DynamicLoadTest\DynamicLoadTest.vcxproj", "{3BE27CC2-68C6-4A59-9D57-B3C2B8D7F303}"
EndProject
Project("{8BC9CEB8-8B4A-11D0-8D11-00A0C91BC942}") = "SafeMathLib", "PZ6\SafeMathLib\SafeMathLib.vcxproj", "{1D89A923-4A6F-4AC0-9C04-2C2C9316A101}"
EndProject
Project("{8BC9CEB8-8B4A-11D0-8D11-00A0C91BC942}") = "StaticLoadTest", "PZ6\StaticLoadTest\StaticLoadTest.vcxproj", "{2A6E75A1-8AB9-4B0A-9E39-6D8A7F8C2202}"
EndProject
Project("{8BC9CEB8-8B4A-11D0-8D11-00A0C91BC942}") = "PZ7", "PZ7\PZ7.vcxproj", "{D3FEFD1C-DC1C-449E-9993-AC4E6C7EAEAF}"
EndProject
Project("{8BC9CEB8-8B4A-11D0-8D11-00A0C91BC942}") = "TestPZ7", "PZ7\TestPZ7.vcxproj", "{C4E0D9F2-8C92-4F6A-B0E5-9E7EFAB8C001}"
EndProject
Project("{8BC9CEB8-8B4A-11D0-8D11-00A0C91BC942}") = "PZ8", "PZ8\PZ8.vcxproj", "{76C68033-44DC-4587-9B02-F49C32A90498}"
EndProject
Global
	GlobalSection(SolutionConfigurationPlatforms) = preSolution
		Debug|x64 = Debug|x64
		Debug|x86 = Debug|x86
		Release|x64 = Release|x64
		Release|x86 = Release|x86
	EndGlobalSection
	GlobalSection(ProjectConfigurationPlatforms) = postSolution
		{E0580598-30FE-47D6-B7F2-A7A049F18614}.Debug|x64.ActiveCfg = Debug|x64
		{E0580598-30FE-47D6-B7F2-A7A049F18614}.Debug|x64.Build.0 = Debug|x64
		{E0580598-30FE-47D6-B7F2-A7A049F18614}.Debug|x86.ActiveCfg = Debug|Win32
		{E0580598-30FE-47D6-B7F2-A7A049F18614}.Debug|x86.Build.0 = Debug|Win32
		{E0580598-30FE-47D6-B7F2-A7A049F18614}.Release|x64.ActiveCfg = Release|x64
		{E0580598-30FE-47D6-B7F2-A7A049F18614}.Release|x64.Build.0 = Release|x64
		{E0580598-30FE-47D6-B7F2-A7A049F18614}.Release|x86.ActiveCfg = Release|Win32
		{E0580598-30FE-47D6-B7F2-A7A049F18614}.Release|x86.Build.0 = Release|Win32
		{69FA7772-84D6-4A22-AE77-EC0224067C01}.Debug|x64.ActiveCfg = Debug|x64
		{69FA7772-84D6-4A22-AE77-EC0224067C01}.Debug|x64.Build.0 = Debug|x64
		{69FA7772-84D6-4A22-AE77-EC0224067C01}.Debug|x86.ActiveCfg = Debug|Win32
		{69FA7772-84D6-4A22-AE77-EC0224067C01}.Debug|x86.Build.0 = Debug|Win32
		{69FA7772-84D6-4A22-AE77-EC0224067C01}.Release|x64.ActiveCfg = Release|x64
		{69FA7772-84D6-4A22-AE77-EC0224067C01}.Release|x64.Build.0 = Release|x64
		{69FA7772-84D6-4A22-AE77-EC0224067C01}.Release|x86.ActiveCfg = Release|Win32
		{69FA7772-84D6-4A22-AE77-EC0224067C01}.Release|x86.Build.0 = Release|Win32
		{221C3C41-AAFE-441D-A7A7-8D9234DD16D8}.Debug|x64.ActiveCfg = Debug|x64
		{221C3C41-AAFE-441D-A7A7-8D9234DD16D8}.Debug|x64.Build.0 = Debug|x64
		{221C3C41-AAFE-441D-A7A7-8D9234DD16D8}.Debug|x86.ActiveCfg = Debug|Win32
		{221C3C41-AAFE-441D-A7A7-8D9234DD16D8}.Debug|x86.Build.0 = Debug|Win32
		{221C3C41-AAFE-441D-A7A7-8D9234DD16D8}.Release|x64.ActiveCfg = Release|x64
		{221C3C41-AAFE-441D-A7A7-8D9234DD16D8}.Release|x64.Build.0 = Release|x64
		{221C3C41-AAFE-441D-A7A7-8D9234DD16D8}.Release|x86.ActiveCfg = Release|Win32
		{221C3C41-AAFE-441D-A7A7-8D9234DD16D8}.Release|x86.Build.0 = Release|Win32
		{77DBA67E-2F8A-4830-96B1-C83787EC1072}.Debug|x64.ActiveCfg = Debug|x64
		{77DBA67E-2F8A-4830-96B1-C83787EC1072}.Debug|x64.Build.0 = Debug|x64
		{77DBA67E-2F8A-4830-96B1-C83787EC1072}.Debug|x86.ActiveCfg = Debug|Win32
		{77DBA67E-2F8A-4830-96B1-C83787EC1072}.Debug|x86.Build.0 = Debug|Win32
		{77DBA67E-2F8A-4830-96B1-C83787EC1072}.Release|x64.ActiveCfg = Release|x64
		{77DBA67E-2F8A-4830-96B1-C83787EC1072}.Release|x64.Build.0 = Release|x64
		{77DBA67E-2F8A-4830-96B1-C83787EC1072}.Release|x86.ActiveCfg = Release|Win32
		{77DBA67E-2F8A-4830-96B1-C83787EC1072}.Release|x86.Build.0 = Release|Win32
		{13796216-027D-4C50-B29A-563C4A9E96BB}.Debug|x64.ActiveCfg = Debug|x64
		{13796216-027D-4C50-B29A-563C4A9E96BB}.Debug|x64.Build.0 = Debug|x64
		{13796216-027D-4C50-B29A-563C4A9E96BB}.Debug|x86.ActiveCfg = Debug|Win32
		{13796216-027D-4C50-B29A-563C4A9E96BB}.Debug|x86.Build.0 = Debug|Win32
		{13796216-027D-4C50-B29A-563C4A9E96BB}.Release|x64.ActiveCfg = Release|x64
		{13796216-027D-4C50-B29A-563C4A9E96BB}.Release|x64.Build.0 = Release|x64
		{13796216-027D-4C50-B29A-563C4A9E96BB}.Release|x86.ActiveCfg = Release|Win32
		{13796216-027D-4C50-B29A-563C4A9E96BB}.Release|x86.Build.0 = Release|Win32
		{3BE27CC2-68C6-4A59-9D57-B3C2B8D7F303}.Debug|x64.ActiveCfg = Debug|x64
		{3BE27CC2-68C6-4A59-9D57-B3C2B8D7F303}.Debug|x64.Build.0 = Debug|x64
		{3BE27CC2-68C6-4A59-9D57-B3C2B8D7F303}.Debug|x86.ActiveCfg = Debug|Win32
		{3BE27CC2-68C6-4A59-9D57-B3C2B8D7F303}.Debug|x86.Build.0 = Debug|Win32
		{3BE27CC2-68C6-4A59-9D57-B3C2B8D7F303}.Release|x64.ActiveCfg = Release|x64
		{3BE27CC2-68C6-4A59-9D57-B3C2B8D7F303}.Release|x64.Build.0 = Release|x64
		{3BE27CC2-68C6-4A59-9D57-B3C2B8D7F303}.Release|x86.ActiveCfg = Release|Win32
		{3BE27CC2-68C6-4A59-9D57-B3C2B8D7F303}.Release|x86.Build.0 = Release|Win32
		{1D89A923-4A6F-4AC0-9C04-2C2C9316A101}.Debug|x64.ActiveCfg = Debug|x64
		{1D89A923-4A6F-4AC0-9C04-2C2C9316A101}.Debug|x64.Build.0 = Debug|x64
		{1D89A923-4A6F-4AC0-9C04-2C2C9316A101}.Debug|x86.ActiveCfg = Debug|Win32
		{1D89A923-4A6F-4AC0-9C04-2C2C9316A101}.Debug|x86.Build.0 = Debug|Win32
		{1D89A923-4A6F-4AC0-9C04-2C2C9316A101}.Release|x64.ActiveCfg = Release|x64
		{1D89A923-4A6F-4AC0-9C04-2C2C9316A101}.Release|x64.Build.0 = Release|x64
		{1D89A923-4A6F-4AC0-9C04-2C2C9316A101}.Release|x86.ActiveCfg = Release|Win32
		{1D89A923-4A6F-4AC0-9C04-2C2C9316A101}.Release|x86.Build.0 = Release|Win32
		{2A6E75A1-8AB9-4B0A-9E39-6D8A7F8C2202}.Debug|x64.ActiveCfg = Debug|x64
		{2A6E75A1-8AB9-4B0A-9E39-6D8A7F8C2202}.Debug|x64.Build.0 = Debug|x64
		{2A6E75A1-8AB9-4B0A-9E39-6D8A7F8C2202}.Debug|x86.ActiveCfg = Debug|Win32
		{2A6E75A1-8AB9-4B0A-9E39-6D8A7F8C2202}.Debug|x86.Build.0 = Debug|Win32
		{2A6E75A1-8AB9-4B0A-9E39-6D8A7F8C2202}.Release|x64.ActiveCfg = Release|x64
		{2A6E75A1-8AB9-4B0A-9E39-6D8A7F8C2202}.Release|x64.Build.0 = Release|x64
		{2A6E75A1-8AB9-4B0A-9E39-6D8A7F8C2202}.Release|x86.ActiveCfg = Release|Win32
		{2A6E75A1-8AB9-4B0A-9E39-6D8A7F8C2202}.Release|x86.Build.0 = Release|Win32
		{D3FEFD1C-DC1C-449E-9993-AC4E6C7EAEAF}.Debug|x64.ActiveCfg = Debug|x64
		{D3FEFD1C-DC1C-449E-9993-AC4E6C7EAEAF}.Debug|x64.Build.0 = Debug|x64
		{D3FEFD1C-DC1C-449E-9993-AC4E6C7EAEAF}.Debug|x86.ActiveCfg = Debug|Win32
		{D3FEFD1C-DC1C-449E-9993-AC4E6C7EAEAF}.Debug|x86.Build.0 = Debug|Win32
		{D3FEFD1C-DC1C-449E-9993-AC4E6C7EAEAF}.Release|x64.ActiveCfg = Release|x64
		{D3FEFD1C-DC1C-449E-9993-AC4E6C7EAEAF}.Release|x64.Build.0 = Release|x64
		{D3FEFD1C-DC1C-449E-9993-AC4E6C7EAEAF}.Release|x86.ActiveCfg = Release|Win32
		{D3FEFD1C-DC1C-449E-9993-AC4E6C7EAEAF}.Release|x86.Build.0 = Release|Win32
		{C4E0D9F2-8C92-4F6A-B0E5-9E7EFAB8C001}.Debug|x64.ActiveCfg = Debug|x64
		{C4E0D9F2-8C92-4F6A-B0E5-9E7EFAB8C001}.Debug|x64.Build.0 = Debug|x64
		{C4E0D9F2-8C92-4F6A-B0E5-9E7EFAB8C001}.Debug|x86.ActiveCfg = Debug|Win32
		{C4E0D9F2-8C92-4F6A-B0E5-9E7EFAB8C001}.Debug|x86.Build.0 = Debug|Win32
		{C4E0D9F2-8C92-4F6A-B0E5-9E7EFAB8C001}.Release|x64.ActiveCfg = Release|x64
		{C4E0D9F2-8C92-4F6A-B0E5-9E7EFAB8C001}.Release|x64.Build.0 = Release|x64
		{C4E0D9F2-8C92-4F6A-B0E5-9E7EFAB8C001}.Release|x86.ActiveCfg = Release|Win32
		{C4E0D9F2-8C92-4F6A-B0E5-9E7EFAB8C001}.Release|x86.Build.0 = Release|Win32
		{76C68033-44DC-4587-9B02-F49C32A90498}.Debug|x64.ActiveCfg = Debug|x64
		{76C68033-44DC-4587-9B02-F49C32A90498}.Debug|x64.Build.0 = Debug|x64
		{76C68033-44DC-4587-9B02-F49C32A90498}.Debug|x86.ActiveCfg = Debug|Win32
		{76C68033-44DC-4587-9B02-F49C32A90498}.Debug|x86.Build.0 = Debug|Win32
		{76C68033-44DC-4587-9B02-F49C32A90498}.Release|x64.ActiveCfg = Release|x64
		{76C68033-44DC-4587-9B02-F49C32A90498}.Release|x64.Build.0 = Release|x64
		{76C68033-44DC-4587-9B02-F49C32A90498}.Release|x86.ActiveCfg = Release|Win32
		{76C68033-44DC-4587-9B02-F49C32A90498}.Release|x86.Build.0 = Release|Win32
	EndGlobalSection
	GlobalSection(SolutionProperties) = preSolution
		HideSolutionNode = FALSE
	EndGlobalSection
	GlobalSection(ExtensibilityGlobals) = postSolution
		SolutionGuid = {1021844D-3DF8-4056-BDEE-198506090E80}
	EndGlobalSection
EndGlobal
